
Microsoft Visual Studio Solution File, Format Version 12.00
# Visual Studio Version 17
VisualStudioVersion = 17.4.33103.184
MinimumVisualStudioVersion = 10.0.40219.1
Project("{FAE04EC0-301F-11D3-BF4B-00C04F79EFBC}") = "WindowsFormsApp1", "WindowsFormsApp1\WindowsFormsApp1.csproj", "{720985BF-6BD3-4525-B06F-EE09B45C4D74}"
EndProject
Global
	GlobalSection(SolutionConfigurationPlatforms) = preSolution
		Debug|Any CPU = Debug|Any CPU
		Release|Any CPU = Release|Any CPU
	EndGlobalSection
	GlobalSection(ProjectConfigurationPlatforms) = postSolution
		{720985BF-6BD3-4525-B06F-EE09B45C4D74}.Debug|Any CPU.ActiveCfg = Debug|Any CPU
		{720985BF-6BD3-4525-B06F-EE09B45C4D74}.Debug|Any CPU.Build.0 = Debug|Any CPU
		{720985BF-6BD3-4525-B06F-EE09B45C4D74}.Release|Any CPU.ActiveCfg = Release|Any CPU
		{720985BF-6BD3-4525-B06F-EE09B45C4D74}.Release|Any CPU.Build.0 = Release|Any CPU
	EndGlobalSection
	GlobalSection(SolutionProperties) = preSolution
		HideSolutionNode = FALSE
	EndGlobalSection
	GlobalSection(ExtensibilityGlobals) = postSolution
		SolutionGuid = {88058E2D-8E3F-4DFC-9E0E-3A9D2DB1D95B}
	EndGlobalSection
EndGlobal
